
Microsoft Visual Studio Solution File, Format Version 11.00
# Visual Studio 2010
Project("{8BC9CEB8-8B4A-11D0-8D11-00A0C91BC942}") = "Dungeon_Explorer", "Dungeon_Explorer\Dungeon_Explorer.vcxproj", "{5B514043-67BC-4F34-A2A6-F05FFD52BF8C}"
EndProject
Global
	GlobalSection(SolutionConfigurationPlatforms) = preSolution
		Debug|Win32 = Debug|Win32
		Release|Win32 = Release|Win32
	EndGlobalSection
	GlobalSection(ProjectConfigurationPlatforms) = postSolution
		{5B514043-67BC-4F34-A2A6-F05FFD52BF8C}.Debug|Win32.ActiveCfg = Debug|Win32
		{5B514043-67BC-4F34-A2A6-F05FFD52BF8C}.Debug|Win32.Build.0 = Debug|Win32
		{5B514043-67BC-4F34-A2A6-F05FFD52BF8C}.Release|Win32.ActiveCfg = Release|Win32
		{5B514043-67BC-4F34-A2A6-F05FFD52BF8C}.Release|Win32.Build.0 = Release|Win32
	EndGlobalSection
	GlobalSection(SolutionProperties) = preSolution
		HideSolutionNode = FALSE
	EndGlobalSection
EndGlobal
